
Microsoft Visual Studio Solution File, Format Version 12.00
# Visual Studio 2013
VisualStudioVersion = 12.0.21005.1
MinimumVisualStudioVersion = 10.0.40219.1
Project("{FAE04EC0-301F-11D3-BF4B-00C04F79EFBC}") = "HilfepatienMvc", "HilfepatienMvc\HilfepatienMvc.csproj", "{07429B9C-6AF5-4EE0-B901-F745B918BC7D}"
EndProject
Project("{FAE04EC0-301F-11D3-BF4B-00C04F79EFBC}") = "HilfepatienApi", "HilfepatienApi\HilfepatienApi.csproj", "{6E6A80AD-30BA-4E93-8A97-FA450D18975A}"
EndProject
Global
	GlobalSection(SolutionConfigurationPlatforms) = preSolution
		Debug|Any CPU = Debug|Any CPU
		Release|Any CPU = Release|Any CPU
	EndGlobalSection
	GlobalSection(ProjectConfigurationPlatforms) = postSolution
		{07429B9C-6AF5-4EE0-B901-F745B918BC7D}.Debug|Any CPU.ActiveCfg = Debug|Any CPU
		{07429B9C-6AF5-4EE0-B901-F745B918BC7D}.Debug|Any CPU.Build.0 = Debug|Any CPU
		{07429B9C-6AF5-4EE0-B901-F745B918BC7D}.Release|Any CPU.ActiveCfg = Release|Any CPU
		{07429B9C-6AF5-4EE0-B901-F745B918BC7D}.Release|Any CPU.Build.0 = Release|Any CPU
		{6E6A80AD-30BA-4E93-8A97-FA450D18975A}.Debug|Any CPU.ActiveCfg = Debug|Any CPU
		{6E6A80AD-30BA-4E93-8A97-FA450D18975A}.Debug|Any CPU.Build.0 = Debug|Any CPU
		{6E6A80AD-30BA-4E93-8A97-FA450D18975A}.Release|Any CPU.ActiveCfg = Release|Any CPU
		{6E6A80AD-30BA-4E93-8A97-FA450D18975A}.Release|Any CPU.Build.0 = Release|Any CPU
	EndGlobalSection
	GlobalSection(SolutionProperties) = preSolution
		HideSolutionNode = FALSE
	EndGlobalSection
EndGlobal
